
Microsoft Visual Studio Solution File, Format Version 11.00
# Visual Studio 2010
Project("{FAE04EC0-301F-11D3-BF4B-00C04F79EFBC}") = "Assembly-CSharp", "Assembly-CSharp.csproj", "{2275735C-6459-34F8-E934-18897E2C9B75}"
EndProject
Project("{FAE04EC0-301F-11D3-BF4B-00C04F79EFBC}") = "Assembly-CSharp-Editor", "Assembly-CSharp-Editor.csproj", "{DAA3DB6F-9D1A-7DA1-5DC5-F1AAC29C2FC3}"
EndProject
Global
	GlobalSection(SolutionConfigurationPlatforms) = preSolution
		Debug|Any CPU = Debug|Any CPU
		Release|Any CPU = Release|Any CPU
	EndGlobalSection
	GlobalSection(ProjectConfigurationPlatforms) = postSolution
		{2275735C-6459-34F8-E934-18897E2C9B75}.Debug|Any CPU.ActiveCfg = Debug|Any CPU
		{2275735C-6459-34F8-E934-18897E2C9B75}.Debug|Any CPU.Build.0 = Debug|Any CPU
		{2275735C-6459-34F8-E934-18897E2C9B75}.Release|Any CPU.ActiveCfg = Release|Any CPU
		{2275735C-6459-34F8-E934-18897E2C9B75}.Release|Any CPU.Build.0 = Release|Any CPU
		{DAA3DB6F-9D1A-7DA1-5DC5-F1AAC29C2FC3}.Debug|Any CPU.ActiveCfg = Debug|Any CPU
		{DAA3DB6F-9D1A-7DA1-5DC5-F1AAC29C2FC3}.Debug|Any CPU.Build.0 = Debug|Any CPU
		{DAA3DB6F-9D1A-7DA1-5DC5-F1AAC29C2FC3}.Release|Any CPU.ActiveCfg = Release|Any CPU
		{DAA3DB6F-9D1A-7DA1-5DC5-F1AAC29C2FC3}.Release|Any CPU.Build.0 = Release|Any CPU
	EndGlobalSection
	GlobalSection(SolutionProperties) = preSolution
		HideSolutionNode = FALSE
	EndGlobalSection
EndGlobal
